// !$*UTF8*$!
{
	archiveVersion = 1;
	classes = {
	};
	objectVersion = 46;
	objects = {

/* Begin PBXBuildFile section */
		801DCEF21CB3DFFC009C2351 /* main.c in Sources */ = {isa = PBXBuildFile; fileRef = 801DCEF11CB3DFFC009C2351 /* main.c */; };
		801DCEFF1CB3E020009C2351 /* libxt_GTPU.c in Sources */ = {isa = PBXBuildFile; fileRef = 801DCEF81CB3E020009C2351 /* libxt_GTPU.c */; };
		801DCF001CB3E020009C2351 /* xt_GTPU_core.c in Sources */ = {isa = PBXBuildFile; fileRef = 801DCEF91CB3E020009C2351 /* xt_GTPU_core.c */; };
		801DCF011CB3E020009C2351 /* xt_GTPU_est.c in Sources */ = {isa = PBXBuildFile; fileRef = 801DCEFA1CB3E020009C2351 /* xt_GTPU_est.c */; };
		801DCF021CB3E020009C2351 /* xt_GTPU_tab_down.c in Sources */ = {isa = PBXBuildFile; fileRef = 801DCEFB1CB3E020009C2351 /* xt_GTPU_tab_down.c */; };
		801DCF031CB3E020009C2351 /* xt_GTPU_tab_up.c in Sources */ = {isa = PBXBuildFile; fileRef = 801DCEFC1CB3E020009C2351 /* xt_GTPU_tab_up.c */; };
/* End PBXBuildFile section */

/* Begin PBXCopyFilesBuildPhase section */
		801DCEEC1CB3DFFC009C2351 /* CopyFiles */ = {
			isa = PBXCopyFilesBuildPhase;
			buildActionMask = 2147483647;
			dstPath = /usr/share/man/man1/;
			dstSubfolderSpec = 0;
			files = (
			);
			runOnlyForDeploymentPostprocessing = 1;
		};
/* End PBXCopyFilesBuildPhase section */

/* Begin PBXFileReference section */
		801DCEEE1CB3DFFC009C2351 /* xt_GTPU */ = {isa = PBXFileReference; explicitFileType = "compiled.mach-o.executable"; includeInIndex = 0; path = xt_GTPU; sourceTree = BUILT_PRODUCTS_DIR; };
		801DCEF11CB3DFFC009C2351 /* main.c */ = {isa = PBXFileReference; lastKnownFileType = sourcecode.c.c; path = main.c; sourceTree = "<group>"; };
		801DCEF81CB3E020009C2351 /* libxt_GTPU.c */ = {isa = PBXFileReference; fileEncoding = 4; lastKnownFileType = sourcecode.c.c; name = libxt_GTPU.c; path = ../../libxt_GTPU.c; sourceTree = "<group>"; };
		801DCEF91CB3E020009C2351 /* xt_GTPU_core.c */ = {isa = PBXFileReference; fileEncoding = 4; lastKnownFileType = sourcecode.c.c; name = xt_GTPU_core.c; path = ../../xt_GTPU_core.c; sourceTree = "<group>"; };
		801DCEFA1CB3E020009C2351 /* xt_GTPU_est.c */ = {isa = PBXFileReference; fileEncoding = 4; lastKnownFileType = sourcecode.c.c; name = xt_GTPU_est.c; path = ../../xt_GTPU_est.c; sourceTree = "<group>"; };
		801DCEFB1CB3E020009C2351 /* xt_GTPU_tab_down.c */ = {isa = PBXFileReference; fileEncoding = 4; lastKnownFileType = sourcecode.c.c; name = xt_GTPU_tab_down.c; path = ../../xt_GTPU_tab_down.c; sourceTree = "<group>"; };
		801DCEFC1CB3E020009C2351 /* xt_GTPU_tab_up.c */ = {isa = PBXFileReference; fileEncoding = 4; lastKnownFileType = sourcecode.c.c; name = xt_GTPU_tab_up.c; path = ../../xt_GTPU_tab_up.c; sourceTree = "<group>"; };
		801DCEFD1CB3E020009C2351 /* xt_GTPU_tab.h */ = {isa = PBXFileReference; fileEncoding = 4; lastKnownFileType = sourcecode.c.h; name = xt_GTPU_tab.h; path = ../../xt_GTPU_tab.h; sourceTree = "<group>"; };
		801DCEFE1CB3E020009C2351 /* xt_GTPU.h */ = {isa = PBXFileReference; fileEncoding = 4; lastKnownFileType = sourcecode.c.h; name = xt_GTPU.h; path = ../../xt_GTPU.h; sourceTree = "<group>"; };
/* End PBXFileReference section */

/* Begin PBXFrameworksBuildPhase section */
		801DCEEB1CB3DFFC009C2351 /* Frameworks */ = {
			isa = PBXFrameworksBuildPhase;
			buildActionMask = 2147483647;
			files = (
			);
			runOnlyForDeploymentPostprocessing = 0;
		};
/* End PBXFrameworksBuildPhase section */

/* Begin PBXGroup section */
		801DCEE51CB3DFFC009C2351 = {
			isa = PBXGroup;
			children = (
				801DCEF01CB3DFFC009C2351 /* xt_GTPU */,
				801DCEEF1CB3DFFC009C2351 /* Products */,
			);
			sourceTree = "<group>";
		};
		801DCEEF1CB3DFFC009C2351 /* Products */ = {
			isa = PBXGroup;
			children = (
				801DCEEE1CB3DFFC009C2351 /* xt_GTPU */,
			);
			name = Products;
			sourceTree = "<group>";
		};
		801DCEF01CB3DFFC009C2351 /* xt_GTPU */ = {
			isa = PBXGroup;
			children = (
				801DCEF81CB3E020009C2351 /* libxt_GTPU.c */,
				801DCEF91CB3E020009C2351 /* xt_GTPU_core.c */,
				801DCEFA1CB3E020009C2351 /* xt_GTPU_est.c */,
				801DCEFB1CB3E020009C2351 /* xt_GTPU_tab_down.c */,
				801DCEFC1CB3E020009C2351 /* xt_GTPU_tab_up.c */,
				801DCEFD1CB3E020009C2351 /* xt_GTPU_tab.h */,
				801DCEFE1CB3E020009C2351 /* xt_GTPU.h */,
				801DCEF11CB3DFFC009C2351 /* main.c */,
			);
			path = xt_GTPU;
			sourceTree = "<group>";
		};
/* End PBXGroup section */

/* Begin PBXNativeTarget section */
		801DCEED1CB3DFFC009C2351 /* xt_GTPU */ = {
			isa = PBXNativeTarget;
			buildConfigurationList = 801DCEF51CB3DFFC009C2351 /* Build configuration list for PBXNativeTarget "xt_GTPU" */;
			buildPhases = (
				801DCEEA1CB3DFFC009C2351 /* Sources */,
				801DCEEB1CB3DFFC009C2351 /* Frameworks */,
				801DCEEC1CB3DFFC009C2351 /* CopyFiles */,
			);
			buildRules = (
			);
			dependencies = (
			);
			name = xt_GTPU;
			productName = xt_GTPU;
			productReference = 801DCEEE1CB3DFFC009C2351 /* xt_GTPU */;
			productType = "com.apple.product-type.tool";
		};
/* End PBXNativeTarget section */

/* Begin PBXProject section */
		801DCEE61CB3DFFC009C2351 /* Project object */ = {
			isa = PBXProject;
			attributes = {
				LastUpgradeCheck = 0700;
				ORGANIZATIONNAME = "绯浅yousa";
				TargetAttributes = {
					801DCEED1CB3DFFC009C2351 = {
						CreatedOnToolsVersion = 7.0;
					};
				};
			};
			buildConfigurationList = 801DCEE91CB3DFFC009C2351 /* Build configuration list for PBXProject "xt_GTPU" */;
			compatibilityVersion = "Xcode 3.2";
			developmentRegion = English;
			hasScannedForEncodings = 0;
			knownRegions = (
				en,
			);
			mainGroup = 801DCEE51CB3DFFC009C2351;
			productRefGroup = 801DCEEF1CB3DFFC009C2351 /* Products */;
			projectDirPath = "";
			projectRoot = "";
			targets = (
				801DCEED1CB3DFFC009C2351 /* xt_GTPU */,
			);
		};
/* End PBXProject section */

/* Begin PBXSourcesBuildPhase section */
		801DCEEA1CB3DFFC009C2351 /* Sources */ = {
			isa = PBXSourcesBuildPhase;
			buildActionMask = 2147483647;
			files = (
				801DCF011CB3E020009C2351 /* xt_GTPU_est.c in Sources */,
				801DCF001CB3E020009C2351 /* xt_GTPU_core.c in Sources */,
				801DCF031CB3E020009C2351 /* xt_GTPU_tab_up.c in Sources */,
				801DCEF21CB3DFFC009C2351 /* main.c in Sources */,
				801DCF021CB3E020009C2351 /* xt_GTPU_tab_down.c in Sources */,
				801DCEFF1CB3E020009C2351 /* libxt_GTPU.c in Sources */,
			);
			runOnlyForDeploymentPostprocessing = 0;
		};
/* End PBXSourcesBuildPhase section */

/* Begin XCBuildConfiguration section */
		801DCEF31CB3DFFC009C2351 /* Debug */ = {
			isa = XCBuildConfiguration;
			buildSettings = {
				ALWAYS_SEARCH_USER_PATHS = NO;
				CLANG_CXX_LANGUAGE_STANDARD = "gnu++0x";
				CLANG_CXX_LIBRARY = "libc++";
				CLANG_ENABLE_MODULES = YES;
				CLANG_ENABLE_OBJC_ARC = YES;
				CLANG_WARN_BOOL_CONVERSION = YES;
				CLANG_WARN_CONSTANT_CONVERSION = YES;
				CLANG_WARN_DIRECT_OBJC_ISA_USAGE = YES_ERROR;
				CLANG_WARN_EMPTY_BODY = YES;
				CLANG_WARN_ENUM_CONVERSION = YES;
				CLANG_WARN_INT_CONVERSION = YES;
				CLANG_WARN_OBJC_ROOT_CLASS = YES_ERROR;
				CLANG_WARN_UNREACHABLE_CODE = YES;
				CLANG_WARN__DUPLICATE_METHOD_MATCH = YES;
				COPY_PHASE_STRIP = NO;
				DEBUG_INFORMATION_FORMAT = dwarf;
				ENABLE_STRICT_OBJC_MSGSEND = YES;
				ENABLE_TESTABILITY = YES;
				GCC_C_LANGUAGE_STANDARD = gnu99;
				GCC_DYNAMIC_NO_PIC = NO;
				GCC_NO_COMMON_BLOCKS = YES;
				GCC_OPTIMIZATION_LEVEL = 0;
				GCC_PREPROCESSOR_DEFINITIONS = (
					"DEBUG=1",
					"$(inherited)",
				);
				GCC_WARN_64_TO_32_BIT_CONVERSION = YES;
				GCC_WARN_ABOUT_RETURN_TYPE = YES_ERROR;
				GCC_WARN_UNDECLARED_SELECTOR = YES;
				GCC_WARN_UNINITIALIZED_AUTOS = YES_AGGRESSIVE;
				GCC_WARN_UNUSED_FUNCTION = YES;
				GCC_WARN_UNUSED_VARIABLE = YES;
				MACOSX_DEPLOYMENT_TARGET = 10.11;
				MTL_ENABLE_DEBUG_INFO = YES;
				ONLY_ACTIVE_ARCH = YES;
				SDKROOT = macosx;
			};
			name = Debug;
		};
		801DCEF41CB3DFFC009C2351 /* Release */ = {
			isa = XCBuildConfiguration;
			buildSettings = {
				ALWAYS_SEARCH_USER_PATHS = NO;
				CLANG_CXX_LANGUAGE_STANDARD = "gnu++0x";
				CLANG_CXX_LIBRARY = "libc++";
				CLANG_ENABLE_MODULES = YES;
				CLANG_ENABLE_OBJC_ARC = YES;
				CLANG_WARN_BOOL_CONVERSION = YES;
				CLANG_WARN_CONSTANT_CONVERSION = YES;
				CLANG_WARN_DIRECT_OBJC_ISA_USAGE = YES_ERROR;
				CLANG_WARN_EMPTY_BODY = YES;
				CLANG_WARN_ENUM_CONVERSION = YES;
				CLANG_WARN_INT_CONVERSION = YES;
				CLANG_WARN_OBJC_ROOT_CLASS = YES_ERROR;
				CLANG_WARN_UNREACHABLE_CODE = YES;
				CLANG_WARN__DUPLICATE_METHOD_MATCH = YES;
				COPY_PHASE_STRIP = NO;
				DEBUG_INFORMATION_FORMAT = "dwarf-with-dsym";
				ENABLE_NS_ASSERTIONS = NO;
				ENABLE_STRICT_OBJC_MSGSEND = YES;
				GCC_C_LANGUAGE_STANDARD = gnu99;
				GCC_NO_COMMON_BLOCKS = YES;
				GCC_WARN_64_TO_32_BIT_CONVERSION = YES;
				GCC_WARN_ABOUT_RETURN_TYPE = YES_ERROR;
				GCC_WARN_UNDECLARED_SELECTOR = YES;
				GCC_WARN_UNINITIALIZED_AUTOS = YES_AGGRESSIVE;
				GCC_WARN_UNUSED_FUNCTION = YES;
				GCC_WARN_UNUSED_VARIABLE = YES;
				MACOSX_DEPLOYMENT_TARGET = 10.11;
				MTL_ENABLE_DEBUG_INFO = NO;
				SDKROOT = macosx;
			};
			name = Release;
		};
		801DCEF61CB3DFFC009C2351 /* Debug */ = {
			isa = XCBuildConfiguration;
			buildSettings = {
				PRODUCT_NAME = "$(TARGET_NAME)";
			};
			name = Debug;
		};
		801DCEF71CB3DFFC009C2351 /* Release */ = {
			isa = XCBuildConfiguration;
			buildSettings = {
				PRODUCT_NAME = "$(TARGET_NAME)";
			};
			name = Release;
		};
/* End XCBuildConfiguration section */

/* Begin XCConfigurationList section */
		801DCEE91CB3DFFC009C2351 /* Build configuration list for PBXProject "xt_GTPU" */ = {
			isa = XCConfigurationList;
			buildConfigurations = (
				801DCEF31CB3DFFC009C2351 /* Debug */,
				801DCEF41CB3DFFC009C2351 /* Release */,
			);
			defaultConfigurationIsVisible = 0;
			defaultConfigurationName = Release;
		};
		801DCEF51CB3DFFC009C2351 /* Build configuration list for PBXNativeTarget "xt_GTPU" */ = {
			isa = XCConfigurationList;
			buildConfigurations = (
				801DCEF61CB3DFFC009C2351 /* Debug */,
				801DCEF71CB3DFFC009C2351 /* Release */,
			);
			defaultConfigurationIsVisible = 0;
		};
/* End XCConfigurationList section */
	};
	rootObject = 801DCEE61CB3DFFC009C2351 /* Project object */;
}
